
Microsoft Visual Studio Solution File, Format Version 12.00
# Visual Studio Version 17
VisualStudioVersion = 17.5.33516.290
MinimumVisualStudioVersion = 10.0.40219.1
Project("{FAE04EC0-301F-11D3-BF4B-00C04F79EFBC}") = "Retira_Branches", "Retira_Branches\Retira_Branches.csproj", "{FBFBF95B-17D9-4280-B50D-9AA20B0446B7}"
EndProject
Global
	GlobalSection(SolutionConfigurationPlatforms) = preSolution
		Debug|Any CPU = Debug|Any CPU
		Release|Any CPU = Release|Any CPU
	EndGlobalSection
	GlobalSection(ProjectConfigurationPlatforms) = postSolution
		{FBFBF95B-17D9-4280-B50D-9AA20B0446B7}.Debug|Any CPU.ActiveCfg = Debug|Any CPU
		{FBFBF95B-17D9-4280-B50D-9AA20B0446B7}.Debug|Any CPU.Build.0 = Debug|Any CPU
		{FBFBF95B-17D9-4280-B50D-9AA20B0446B7}.Release|Any CPU.ActiveCfg = Release|Any CPU
		{FBFBF95B-17D9-4280-B50D-9AA20B0446B7}.Release|Any CPU.Build.0 = Release|Any CPU
	EndGlobalSection
	GlobalSection(SolutionProperties) = preSolution
		HideSolutionNode = FALSE
	EndGlobalSection
	GlobalSection(ExtensibilityGlobals) = postSolution
		SolutionGuid = {FB105B6C-3BD0-4140-A7B6-3E22E792518D}
	EndGlobalSection
EndGlobal
